
Microsoft Visual Studio Solution File, Format Version 12.00
# Visual Studio 15
VisualStudioVersion = 15.0.27428.2005
MinimumVisualStudioVersion = 10.0.40219.1
Project("{FAE04EC0-301F-11D3-BF4B-00C04F79EFBC}") = "TradingDemoConsole", "TradingDemoConsole\TradingDemoConsole.csproj", "{88D6B754-DF30-479B-AF50-A2F2487EF5ED}"
EndProject
Project("{FAE04EC0-301F-11D3-BF4B-00C04F79EFBC}") = "HitBTC", "HitBTC\HitBTC.csproj", "{88CE0C74-EECE-4787-B726-AD4C3185735B}"
EndProject
Project("{FAE04EC0-301F-11D3-BF4B-00C04F79EFBC}") = "Temp", "Temp\Temp.csproj", "{0DF7F4DF-699F-429F-A28D-8A947C31125F}"
EndProject
Project("{FAE04EC0-301F-11D3-BF4B-00C04F79EFBC}") = "TradingOfflineConsole", "TradingOfflineConsole\TradingOfflineConsole.csproj", "{3265A217-4568-4069-858D-1D3AEB9B633C}"
EndProject
Global
	GlobalSection(SolutionConfigurationPlatforms) = preSolution
		Debug|Any CPU = Debug|Any CPU
		Release|Any CPU = Release|Any CPU
	EndGlobalSection
	GlobalSection(ProjectConfigurationPlatforms) = postSolution
		{88D6B754-DF30-479B-AF50-A2F2487EF5ED}.Debug|Any CPU.ActiveCfg = Debug|Any CPU
		{88D6B754-DF30-479B-AF50-A2F2487EF5ED}.Debug|Any CPU.Build.0 = Debug|Any CPU
		{88D6B754-DF30-479B-AF50-A2F2487EF5ED}.Release|Any CPU.ActiveCfg = Release|Any CPU
		{88D6B754-DF30-479B-AF50-A2F2487EF5ED}.Release|Any CPU.Build.0 = Release|Any CPU
		{88CE0C74-EECE-4787-B726-AD4C3185735B}.Debug|Any CPU.ActiveCfg = Debug|Any CPU
		{88CE0C74-EECE-4787-B726-AD4C3185735B}.Debug|Any CPU.Build.0 = Debug|Any CPU
		{88CE0C74-EECE-4787-B726-AD4C3185735B}.Release|Any CPU.ActiveCfg = Release|Any CPU
		{88CE0C74-EECE-4787-B726-AD4C3185735B}.Release|Any CPU.Build.0 = Release|Any CPU
		{0DF7F4DF-699F-429F-A28D-8A947C31125F}.Debug|Any CPU.ActiveCfg = Debug|Any CPU
		{0DF7F4DF-699F-429F-A28D-8A947C31125F}.Debug|Any CPU.Build.0 = Debug|Any CPU
		{0DF7F4DF-699F-429F-A28D-8A947C31125F}.Release|Any CPU.ActiveCfg = Release|Any CPU
		{0DF7F4DF-699F-429F-A28D-8A947C31125F}.Release|Any CPU.Build.0 = Release|Any CPU
		{3265A217-4568-4069-858D-1D3AEB9B633C}.Debug|Any CPU.ActiveCfg = Debug|Any CPU
		{3265A217-4568-4069-858D-1D3AEB9B633C}.Debug|Any CPU.Build.0 = Debug|Any CPU
		{3265A217-4568-4069-858D-1D3AEB9B633C}.Release|Any CPU.ActiveCfg = Release|Any CPU
		{3265A217-4568-4069-858D-1D3AEB9B633C}.Release|Any CPU.Build.0 = Release|Any CPU
	EndGlobalSection
	GlobalSection(SolutionProperties) = preSolution
		HideSolutionNode = FALSE
	EndGlobalSection
	GlobalSection(ExtensibilityGlobals) = postSolution
		SolutionGuid = {BC0BF8FB-8661-4463-A922-F345647793E8}
	EndGlobalSection
EndGlobal
