
Microsoft Visual Studio Solution File, Format Version 12.00
# Visual Studio Version 16
VisualStudioVersion = 16.0.28803.452
MinimumVisualStudioVersion = 10.0.40219.1
Project("{FAE04EC0-301F-11D3-BF4B-00C04F79EFBC}") = "HitBTC", "HitBTC\HitBTC.csproj", "{DB31C129-2D33-4F37-A767-6AB8AE0B324C}"
EndProject
Project("{FAE04EC0-301F-11D3-BF4B-00C04F79EFBC}") = "TradingConsole", "TradingConsole\TradingConsole.csproj", "{BF72A7FD-630A-4BE1-8C94-9EBD5909AA85}"
EndProject
Project("{FAE04EC0-301F-11D3-BF4B-00C04F79EFBC}") = "Screen", "Screen\Screen.csproj", "{2E0CB91F-FCF7-4F49-BDD9-8C05E9A90132}"
EndProject
Project("{FAE04EC0-301F-11D3-BF4B-00C04F79EFBC}") = "Trading", "Trading\Trading.csproj", "{E55BA61D-00D7-4556-9887-52AB104C888B}"
EndProject
Project("{FAE04EC0-301F-11D3-BF4B-00C04F79EFBC}") = "Temp", "Temp\Temp.csproj", "{9F61B293-8A02-4B93-A7C8-8EACC1F72FE7}"
EndProject
Project("{FAE04EC0-301F-11D3-BF4B-00C04F79EFBC}") = "Tepm2", "Tepm2\Tepm2.csproj", "{A5E3E060-7F3C-4B74-952F-6A5E7E0EE352}"
EndProject
Global
	GlobalSection(SolutionConfigurationPlatforms) = preSolution
		Debug|Any CPU = Debug|Any CPU
		Release|Any CPU = Release|Any CPU
	EndGlobalSection
	GlobalSection(ProjectConfigurationPlatforms) = postSolution
		{DB31C129-2D33-4F37-A767-6AB8AE0B324C}.Debug|Any CPU.ActiveCfg = Debug|Any CPU
		{DB31C129-2D33-4F37-A767-6AB8AE0B324C}.Debug|Any CPU.Build.0 = Debug|Any CPU
		{DB31C129-2D33-4F37-A767-6AB8AE0B324C}.Release|Any CPU.ActiveCfg = Release|Any CPU
		{DB31C129-2D33-4F37-A767-6AB8AE0B324C}.Release|Any CPU.Build.0 = Release|Any CPU
		{BF72A7FD-630A-4BE1-8C94-9EBD5909AA85}.Debug|Any CPU.ActiveCfg = Debug|Any CPU
		{BF72A7FD-630A-4BE1-8C94-9EBD5909AA85}.Debug|Any CPU.Build.0 = Debug|Any CPU
		{BF72A7FD-630A-4BE1-8C94-9EBD5909AA85}.Release|Any CPU.ActiveCfg = Release|Any CPU
		{BF72A7FD-630A-4BE1-8C94-9EBD5909AA85}.Release|Any CPU.Build.0 = Release|Any CPU
		{2E0CB91F-FCF7-4F49-BDD9-8C05E9A90132}.Debug|Any CPU.ActiveCfg = Debug|Any CPU
		{2E0CB91F-FCF7-4F49-BDD9-8C05E9A90132}.Debug|Any CPU.Build.0 = Debug|Any CPU
		{2E0CB91F-FCF7-4F49-BDD9-8C05E9A90132}.Release|Any CPU.ActiveCfg = Release|Any CPU
		{2E0CB91F-FCF7-4F49-BDD9-8C05E9A90132}.Release|Any CPU.Build.0 = Release|Any CPU
		{E55BA61D-00D7-4556-9887-52AB104C888B}.Debug|Any CPU.ActiveCfg = Debug|Any CPU
		{E55BA61D-00D7-4556-9887-52AB104C888B}.Debug|Any CPU.Build.0 = Debug|Any CPU
		{E55BA61D-00D7-4556-9887-52AB104C888B}.Release|Any CPU.ActiveCfg = Release|Any CPU
		{E55BA61D-00D7-4556-9887-52AB104C888B}.Release|Any CPU.Build.0 = Release|Any CPU
		{9F61B293-8A02-4B93-A7C8-8EACC1F72FE7}.Debug|Any CPU.ActiveCfg = Debug|Any CPU
		{9F61B293-8A02-4B93-A7C8-8EACC1F72FE7}.Debug|Any CPU.Build.0 = Debug|Any CPU
		{9F61B293-8A02-4B93-A7C8-8EACC1F72FE7}.Release|Any CPU.ActiveCfg = Release|Any CPU
		{9F61B293-8A02-4B93-A7C8-8EACC1F72FE7}.Release|Any CPU.Build.0 = Release|Any CPU
		{A5E3E060-7F3C-4B74-952F-6A5E7E0EE352}.Debug|Any CPU.ActiveCfg = Debug|Any CPU
		{A5E3E060-7F3C-4B74-952F-6A5E7E0EE352}.Debug|Any CPU.Build.0 = Debug|Any CPU
		{A5E3E060-7F3C-4B74-952F-6A5E7E0EE352}.Release|Any CPU.ActiveCfg = Release|Any CPU
		{A5E3E060-7F3C-4B74-952F-6A5E7E0EE352}.Release|Any CPU.Build.0 = Release|Any CPU
	EndGlobalSection
	GlobalSection(SolutionProperties) = preSolution
		HideSolutionNode = FALSE
	EndGlobalSection
	GlobalSection(ExtensibilityGlobals) = postSolution
		SolutionGuid = {BC0BF8FB-8661-4463-A922-F345647793E8}
	EndGlobalSection
EndGlobal
